
Microsoft Visual Studio Solution File, Format Version 12.00
# Visual Studio Version 16
VisualStudioVersion = 16.0.31729.503
MinimumVisualStudioVersion = 10.0.40219.1
Project("{FAE04EC0-301F-11D3-BF4B-00C04F79EFBC}") = "ConsoleApp1", "ConsoleApp1\ConsoleApp1.csproj", "{A1A3D842-D6B2-4BF5-982A-4D602F69C0F6}"
EndProject
Project("{FAE04EC0-301F-11D3-BF4B-00C04F79EFBC}") = "HW07", "HW07\HW07.csproj", "{45720021-A89D-4B08-B422-34A6EC4C473C}"
EndProject
Project("{FAE04EC0-301F-11D3-BF4B-00C04F79EFBC}") = "HW08", "HW08\HW08.csproj", "{7B8F8F70-AE2F-4FDF-B8D9-2A1FF4F10A89}"
EndProject
Project("{FAE04EC0-301F-11D3-BF4B-00C04F79EFBC}") = "HW09", "HW09\HW09.csproj", "{76C1B8DB-3BF6-4958-B0A8-0B044814766C}"
EndProject
Project("{9A19103F-16F7-4668-BE54-9A1E7A4F7556}") = "HW06", "HW06\HW06.csproj", "{8104F51B-6DAF-42D1-BE8F-6A77ADA2F89E}"
EndProject
Project("{9A19103F-16F7-4668-BE54-9A1E7A4F7556}") = "HW10", "HW10\HW10.csproj", "{08A56EF7-6E5E-437E-B536-6F03D68D1BD1}"
EndProject
Project("{9A19103F-16F7-4668-BE54-9A1E7A4F7556}") = "HW11", "HW11\HW11.csproj", "{3DC5740B-8FAA-48EB-A976-146CF7F163F4}"
EndProject
Project("{9A19103F-16F7-4668-BE54-9A1E7A4F7556}") = "HW12", "HW12\HW12.csproj", "{8D8CBE64-D6F1-4A9F-859E-0B2AD160703F}"
EndProject
Project("{9A19103F-16F7-4668-BE54-9A1E7A4F7556}") = "HW13", "HW13\HW13.csproj", "{D3D7ECD2-3E7B-4DE8-A557-619C254FD77A}"
EndProject
Project("{9A19103F-16F7-4668-BE54-9A1E7A4F7556}") = "HW14", "HW14流水线\HW14.csproj", "{85D3A105-79F5-42FF-B6E1-66E55FAA2A18}"
EndProject
Project("{9A19103F-16F7-4668-BE54-9A1E7A4F7556}") = "HW15", "HW15\HW15.csproj", "{C8970DA6-ABF3-43E3-AD7C-B3735A323B94}"
EndProject
Project("{9A19103F-16F7-4668-BE54-9A1E7A4F7556}") = "HW16", "HW16\HW16.csproj", "{3B423214-B040-4FD5-8CD7-A959D46FB2CD}"
EndProject
Project("{9A19103F-16F7-4668-BE54-9A1E7A4F7556}") = "HW18", "HW18\HW18.csproj", "{8C1BDE56-8E23-4C02-900D-716215EABECA}"
EndProject
Project("{9A19103F-16F7-4668-BE54-9A1E7A4F7556}") = "HW19", "HW19\HW19.csproj", "{13D54F6D-7061-40E2-A9D2-ADEBFF867676}"
EndProject
Project("{9A19103F-16F7-4668-BE54-9A1E7A4F7556}") = "HW20", "HW20\HW20.csproj", "{B2115605-8381-424E-9E7B-D9F075FC3144}"
EndProject
Project("{9A19103F-16F7-4668-BE54-9A1E7A4F7556}") = "HW21", "HW21\HW21.csproj", "{2004019B-0675-4AE5-992D-7576A69ADAA2}"
EndProject
Project("{FAE04EC0-301F-11D3-BF4B-00C04F79EFBC}") = "HW22", "HW22\HW22.csproj", "{B074E73A-05D8-49D1-9F54-726ED86BF2D3}"
EndProject
Global
	GlobalSection(SolutionConfigurationPlatforms) = preSolution
		Debug|Any CPU = Debug|Any CPU
		Release|Any CPU = Release|Any CPU
	EndGlobalSection
	GlobalSection(ProjectConfigurationPlatforms) = postSolution
		{A1A3D842-D6B2-4BF5-982A-4D602F69C0F6}.Debug|Any CPU.ActiveCfg = Debug|Any CPU
		{A1A3D842-D6B2-4BF5-982A-4D602F69C0F6}.Debug|Any CPU.Build.0 = Debug|Any CPU
		{A1A3D842-D6B2-4BF5-982A-4D602F69C0F6}.Release|Any CPU.ActiveCfg = Release|Any CPU
		{A1A3D842-D6B2-4BF5-982A-4D602F69C0F6}.Release|Any CPU.Build.0 = Release|Any CPU
		{45720021-A89D-4B08-B422-34A6EC4C473C}.Debug|Any CPU.ActiveCfg = Debug|Any CPU
		{45720021-A89D-4B08-B422-34A6EC4C473C}.Debug|Any CPU.Build.0 = Debug|Any CPU
		{45720021-A89D-4B08-B422-34A6EC4C473C}.Release|Any CPU.ActiveCfg = Release|Any CPU
		{45720021-A89D-4B08-B422-34A6EC4C473C}.Release|Any CPU.Build.0 = Release|Any CPU
		{7B8F8F70-AE2F-4FDF-B8D9-2A1FF4F10A89}.Debug|Any CPU.ActiveCfg = Debug|Any CPU
		{7B8F8F70-AE2F-4FDF-B8D9-2A1FF4F10A89}.Debug|Any CPU.Build.0 = Debug|Any CPU
		{7B8F8F70-AE2F-4FDF-B8D9-2A1FF4F10A89}.Release|Any CPU.ActiveCfg = Release|Any CPU
		{7B8F8F70-AE2F-4FDF-B8D9-2A1FF4F10A89}.Release|Any CPU.Build.0 = Release|Any CPU
		{76C1B8DB-3BF6-4958-B0A8-0B044814766C}.Debug|Any CPU.ActiveCfg = Debug|Any CPU
		{76C1B8DB-3BF6-4958-B0A8-0B044814766C}.Debug|Any CPU.Build.0 = Debug|Any CPU
		{76C1B8DB-3BF6-4958-B0A8-0B044814766C}.Release|Any CPU.ActiveCfg = Release|Any CPU
		{76C1B8DB-3BF6-4958-B0A8-0B044814766C}.Release|Any CPU.Build.0 = Release|Any CPU
		{8104F51B-6DAF-42D1-BE8F-6A77ADA2F89E}.Debug|Any CPU.ActiveCfg = Debug|Any CPU
		{8104F51B-6DAF-42D1-BE8F-6A77ADA2F89E}.Debug|Any CPU.Build.0 = Debug|Any CPU
		{8104F51B-6DAF-42D1-BE8F-6A77ADA2F89E}.Release|Any CPU.ActiveCfg = Release|Any CPU
		{8104F51B-6DAF-42D1-BE8F-6A77ADA2F89E}.Release|Any CPU.Build.0 = Release|Any CPU
		{08A56EF7-6E5E-437E-B536-6F03D68D1BD1}.Debug|Any CPU.ActiveCfg = Debug|Any CPU
		{08A56EF7-6E5E-437E-B536-6F03D68D1BD1}.Debug|Any CPU.Build.0 = Debug|Any CPU
		{08A56EF7-6E5E-437E-B536-6F03D68D1BD1}.Release|Any CPU.ActiveCfg = Release|Any CPU
		{08A56EF7-6E5E-437E-B536-6F03D68D1BD1}.Release|Any CPU.Build.0 = Release|Any CPU
		{3DC5740B-8FAA-48EB-A976-146CF7F163F4}.Debug|Any CPU.ActiveCfg = Debug|Any CPU
		{3DC5740B-8FAA-48EB-A976-146CF7F163F4}.Debug|Any CPU.Build.0 = Debug|Any CPU
		{3DC5740B-8FAA-48EB-A976-146CF7F163F4}.Release|Any CPU.ActiveCfg = Release|Any CPU
		{3DC5740B-8FAA-48EB-A976-146CF7F163F4}.Release|Any CPU.Build.0 = Release|Any CPU
		{8D8CBE64-D6F1-4A9F-859E-0B2AD160703F}.Debug|Any CPU.ActiveCfg = Debug|Any CPU
		{8D8CBE64-D6F1-4A9F-859E-0B2AD160703F}.Debug|Any CPU.Build.0 = Debug|Any CPU
		{8D8CBE64-D6F1-4A9F-859E-0B2AD160703F}.Release|Any CPU.ActiveCfg = Release|Any CPU
		{8D8CBE64-D6F1-4A9F-859E-0B2AD160703F}.Release|Any CPU.Build.0 = Release|Any CPU
		{D3D7ECD2-3E7B-4DE8-A557-619C254FD77A}.Debug|Any CPU.ActiveCfg = Debug|Any CPU
		{D3D7ECD2-3E7B-4DE8-A557-619C254FD77A}.Debug|Any CPU.Build.0 = Debug|Any CPU
		{D3D7ECD2-3E7B-4DE8-A557-619C254FD77A}.Release|Any CPU.ActiveCfg = Release|Any CPU
		{D3D7ECD2-3E7B-4DE8-A557-619C254FD77A}.Release|Any CPU.Build.0 = Release|Any CPU
		{85D3A105-79F5-42FF-B6E1-66E55FAA2A18}.Debug|Any CPU.ActiveCfg = Debug|Any CPU
		{85D3A105-79F5-42FF-B6E1-66E55FAA2A18}.Debug|Any CPU.Build.0 = Debug|Any CPU
		{85D3A105-79F5-42FF-B6E1-66E55FAA2A18}.Release|Any CPU.ActiveCfg = Release|Any CPU
		{85D3A105-79F5-42FF-B6E1-66E55FAA2A18}.Release|Any CPU.Build.0 = Release|Any CPU
		{C8970DA6-ABF3-43E3-AD7C-B3735A323B94}.Debug|Any CPU.ActiveCfg = Debug|Any CPU
		{C8970DA6-ABF3-43E3-AD7C-B3735A323B94}.Debug|Any CPU.Build.0 = Debug|Any CPU
		{C8970DA6-ABF3-43E3-AD7C-B3735A323B94}.Release|Any CPU.ActiveCfg = Release|Any CPU
		{C8970DA6-ABF3-43E3-AD7C-B3735A323B94}.Release|Any CPU.Build.0 = Release|Any CPU
		{3B423214-B040-4FD5-8CD7-A959D46FB2CD}.Debug|Any CPU.ActiveCfg = Debug|Any CPU
		{3B423214-B040-4FD5-8CD7-A959D46FB2CD}.Debug|Any CPU.Build.0 = Debug|Any CPU
		{3B423214-B040-4FD5-8CD7-A959D46FB2CD}.Release|Any CPU.ActiveCfg = Release|Any CPU
		{3B423214-B040-4FD5-8CD7-A959D46FB2CD}.Release|Any CPU.Build.0 = Release|Any CPU
		{8C1BDE56-8E23-4C02-900D-716215EABECA}.Debug|Any CPU.ActiveCfg = Debug|Any CPU
		{8C1BDE56-8E23-4C02-900D-716215EABECA}.Debug|Any CPU.Build.0 = Debug|Any CPU
		{8C1BDE56-8E23-4C02-900D-716215EABECA}.Release|Any CPU.ActiveCfg = Release|Any CPU
		{8C1BDE56-8E23-4C02-900D-716215EABECA}.Release|Any CPU.Build.0 = Release|Any CPU
		{13D54F6D-7061-40E2-A9D2-ADEBFF867676}.Debug|Any CPU.ActiveCfg = Debug|Any CPU
		{13D54F6D-7061-40E2-A9D2-ADEBFF867676}.Debug|Any CPU.Build.0 = Debug|Any CPU
		{13D54F6D-7061-40E2-A9D2-ADEBFF867676}.Release|Any CPU.ActiveCfg = Release|Any CPU
		{13D54F6D-7061-40E2-A9D2-ADEBFF867676}.Release|Any CPU.Build.0 = Release|Any CPU
		{B2115605-8381-424E-9E7B-D9F075FC3144}.Debug|Any CPU.ActiveCfg = Debug|Any CPU
		{B2115605-8381-424E-9E7B-D9F075FC3144}.Debug|Any CPU.Build.0 = Debug|Any CPU
		{B2115605-8381-424E-9E7B-D9F075FC3144}.Release|Any CPU.ActiveCfg = Release|Any CPU
		{B2115605-8381-424E-9E7B-D9F075FC3144}.Release|Any CPU.Build.0 = Release|Any CPU
		{2004019B-0675-4AE5-992D-7576A69ADAA2}.Debug|Any CPU.ActiveCfg = Debug|Any CPU
		{2004019B-0675-4AE5-992D-7576A69ADAA2}.Debug|Any CPU.Build.0 = Debug|Any CPU
		{2004019B-0675-4AE5-992D-7576A69ADAA2}.Release|Any CPU.ActiveCfg = Release|Any CPU
		{2004019B-0675-4AE5-992D-7576A69ADAA2}.Release|Any CPU.Build.0 = Release|Any CPU
		{B074E73A-05D8-49D1-9F54-726ED86BF2D3}.Debug|Any CPU.ActiveCfg = Debug|Any CPU
		{B074E73A-05D8-49D1-9F54-726ED86BF2D3}.Debug|Any CPU.Build.0 = Debug|Any CPU
		{B074E73A-05D8-49D1-9F54-726ED86BF2D3}.Release|Any CPU.ActiveCfg = Release|Any CPU
		{B074E73A-05D8-49D1-9F54-726ED86BF2D3}.Release|Any CPU.Build.0 = Release|Any CPU
	EndGlobalSection
	GlobalSection(SolutionProperties) = preSolution
		HideSolutionNode = FALSE
	EndGlobalSection
	GlobalSection(ExtensibilityGlobals) = postSolution
		SolutionGuid = {A733F765-96F6-4785-BAD7-11776094601A}
	EndGlobalSection
EndGlobal
