
Microsoft Visual Studio Solution File, Format Version 12.00
# Visual Studio Version 16
VisualStudioVersion = 16.0.31729.503
MinimumVisualStudioVersion = 10.0.40219.1
Project("{FAE04EC0-301F-11D3-BF4B-00C04F79EFBC}") = "ConsoleApp1", "ConsoleApp1\ConsoleApp1.csproj", "{A1A3D842-D6B2-4BF5-982A-4D602F69C0F6}"
EndProject
Project("{FAE04EC0-301F-11D3-BF4B-00C04F79EFBC}") = "HW07", "HW07\HW07.csproj", "{45720021-A89D-4B08-B422-34A6EC4C473C}"
EndProject
Project("{FAE04EC0-301F-11D3-BF4B-00C04F79EFBC}") = "HW08", "HW08\HW08.csproj", "{7B8F8F70-AE2F-4FDF-B8D9-2A1FF4F10A89}"
EndProject
Project("{FAE04EC0-301F-11D3-BF4B-00C04F79EFBC}") = "HW09", "HW09\HW09.csproj", "{76C1B8DB-3BF6-4958-B0A8-0B044814766C}"
EndProject
Project("{9A19103F-16F7-4668-BE54-9A1E7A4F7556}") = "HW06", "HW06\HW06.csproj", "{8104F51B-6DAF-42D1-BE8F-6A77ADA2F89E}"
EndProject
Global
	GlobalSection(SolutionConfigurationPlatforms) = preSolution
		Debug|Any CPU = Debug|Any CPU
		Release|Any CPU = Release|Any CPU
	EndGlobalSection
	GlobalSection(ProjectConfigurationPlatforms) = postSolution
		{A1A3D842-D6B2-4BF5-982A-4D602F69C0F6}.Debug|Any CPU.ActiveCfg = Debug|Any CPU
		{A1A3D842-D6B2-4BF5-982A-4D602F69C0F6}.Debug|Any CPU.Build.0 = Debug|Any CPU
		{A1A3D842-D6B2-4BF5-982A-4D602F69C0F6}.Release|Any CPU.ActiveCfg = Release|Any CPU
		{A1A3D842-D6B2-4BF5-982A-4D602F69C0F6}.Release|Any CPU.Build.0 = Release|Any CPU
		{45720021-A89D-4B08-B422-34A6EC4C473C}.Debug|Any CPU.ActiveCfg = Debug|Any CPU
		{45720021-A89D-4B08-B422-34A6EC4C473C}.Debug|Any CPU.Build.0 = Debug|Any CPU
		{45720021-A89D-4B08-B422-34A6EC4C473C}.Release|Any CPU.ActiveCfg = Release|Any CPU
		{45720021-A89D-4B08-B422-34A6EC4C473C}.Release|Any CPU.Build.0 = Release|Any CPU
		{7B8F8F70-AE2F-4FDF-B8D9-2A1FF4F10A89}.Debug|Any CPU.ActiveCfg = Debug|Any CPU
		{7B8F8F70-AE2F-4FDF-B8D9-2A1FF4F10A89}.Debug|Any CPU.Build.0 = Debug|Any CPU
		{7B8F8F70-AE2F-4FDF-B8D9-2A1FF4F10A89}.Release|Any CPU.ActiveCfg = Release|Any CPU
		{7B8F8F70-AE2F-4FDF-B8D9-2A1FF4F10A89}.Release|Any CPU.Build.0 = Release|Any CPU
		{76C1B8DB-3BF6-4958-B0A8-0B044814766C}.Debug|Any CPU.ActiveCfg = Debug|Any CPU
		{76C1B8DB-3BF6-4958-B0A8-0B044814766C}.Debug|Any CPU.Build.0 = Debug|Any CPU
		{76C1B8DB-3BF6-4958-B0A8-0B044814766C}.Release|Any CPU.ActiveCfg = Release|Any CPU
		{76C1B8DB-3BF6-4958-B0A8-0B044814766C}.Release|Any CPU.Build.0 = Release|Any CPU
		{8104F51B-6DAF-42D1-BE8F-6A77ADA2F89E}.Debug|Any CPU.ActiveCfg = Debug|Any CPU
		{8104F51B-6DAF-42D1-BE8F-6A77ADA2F89E}.Debug|Any CPU.Build.0 = Debug|Any CPU
		{8104F51B-6DAF-42D1-BE8F-6A77ADA2F89E}.Release|Any CPU.ActiveCfg = Release|Any CPU
		{8104F51B-6DAF-42D1-BE8F-6A77ADA2F89E}.Release|Any CPU.Build.0 = Release|Any CPU
	EndGlobalSection
	GlobalSection(SolutionProperties) = preSolution
		HideSolutionNode = FALSE
	EndGlobalSection
	GlobalSection(ExtensibilityGlobals) = postSolution
		SolutionGuid = {A733F765-96F6-4785-BAD7-11776094601A}
	EndGlobalSection
EndGlobal
